
Microsoft Visual Studio Solution File, Format Version 12.00
# Visual Studio 15
VisualStudioVersion = 15.0.26124.0
MinimumVisualStudioVersion = 15.0.26124.0
Project("{9A19103F-16F7-4668-BE54-9A1E7A4F7556}") = "Template.Application", "Template.Application\Template.Application.csproj", "{E54A44A5-A9A1-4A79-988D-B16E3F2D68DA}"
EndProject
Project("{9A19103F-16F7-4668-BE54-9A1E7A4F7556}") = "Template.Domain", "Template.Domain\Template.Domain.csproj", "{C8798345-E150-4D2C-8C1E-BE514C765BE4}"
EndProject
Project("{9A19103F-16F7-4668-BE54-9A1E7A4F7556}") = "Template.DomainService", "Template.DomainService\Template.DomainService.csproj", "{33914241-13E2-45CC-83BD-472A716E770D}"
EndProject
Project("{9A19103F-16F7-4668-BE54-9A1E7A4F7556}") = "Template.IApplication", "Template.IApplication\Template.IApplication.csproj", "{2B62DC65-922B-45B4-8468-0B85FFD51A25}"
EndProject
Project("{9A19103F-16F7-4668-BE54-9A1E7A4F7556}") = "Template.IDomainService", "Template.IDomainService\Template.IDomainService.csproj", "{C60E95DE-8292-4427-BF57-C768D0ADAADE}"
EndProject
Project("{9A19103F-16F7-4668-BE54-9A1E7A4F7556}") = "Template.Infrastructure.CrossCutting", "Template.Infrastructure.CrossCutting\Template.Infrastructure.CrossCutting.csproj", "{8FEAF933-84B7-42DF-B2E3-314451049E99}"
EndProject
Project("{9A19103F-16F7-4668-BE54-9A1E7A4F7556}") = "Template.Repository", "Template.Repository\Template.Repository.csproj", "{742453E4-746F-4493-A867-97868C96D27A}"
EndProject
Project("{2150E333-8FDC-42A3-9474-1A3956D46DE8}") = "1 - Presentation", "1 - Presentation", "{08AE5080-3471-413C-BA36-C6919E11625F}"
EndProject
Project("{2150E333-8FDC-42A3-9474-1A3956D46DE8}") = "2 - Application", "2 - Application", "{7948A74D-5BDA-4A30-97BF-02971FA18C27}"
EndProject
Project("{2150E333-8FDC-42A3-9474-1A3956D46DE8}") = "3 - Domain", "3 - Domain", "{C8597422-D0CB-4AC7-84C1-F901E27C7AB5}"
EndProject
Project("{2150E333-8FDC-42A3-9474-1A3956D46DE8}") = "4 - Infrastructure", "4 - Infrastructure", "{640D15B1-8E1B-4132-85F9-65DB047A0FD5}"
EndProject
Project("{9A19103F-16F7-4668-BE54-9A1E7A4F7556}") = "Template.Console", "Template.Console\Template.Console.csproj", "{9C7954BF-181D-4863-A56C-F0AD794F98E6}"
EndProject
Project("{9A19103F-16F7-4668-BE54-9A1E7A4F7556}") = "Template.WebApi", "Template.WebApi\Template.WebApi.csproj", "{EB311208-1AF4-42E8-BA38-1BB6C065BE82}"
EndProject
Global
	GlobalSection(SolutionConfigurationPlatforms) = preSolution
		Debug|Any CPU = Debug|Any CPU
		Debug|x64 = Debug|x64
		Debug|x86 = Debug|x86
		Release|Any CPU = Release|Any CPU
		Release|x64 = Release|x64
		Release|x86 = Release|x86
	EndGlobalSection
	GlobalSection(ProjectConfigurationPlatforms) = postSolution
		{E54A44A5-A9A1-4A79-988D-B16E3F2D68DA}.Debug|Any CPU.ActiveCfg = Debug|Any CPU
		{E54A44A5-A9A1-4A79-988D-B16E3F2D68DA}.Debug|Any CPU.Build.0 = Debug|Any CPU
		{E54A44A5-A9A1-4A79-988D-B16E3F2D68DA}.Debug|x64.ActiveCfg = Debug|Any CPU
		{E54A44A5-A9A1-4A79-988D-B16E3F2D68DA}.Debug|x64.Build.0 = Debug|Any CPU
		{E54A44A5-A9A1-4A79-988D-B16E3F2D68DA}.Debug|x86.ActiveCfg = Debug|Any CPU
		{E54A44A5-A9A1-4A79-988D-B16E3F2D68DA}.Debug|x86.Build.0 = Debug|Any CPU
		{E54A44A5-A9A1-4A79-988D-B16E3F2D68DA}.Release|Any CPU.ActiveCfg = Release|Any CPU
		{E54A44A5-A9A1-4A79-988D-B16E3F2D68DA}.Release|Any CPU.Build.0 = Release|Any CPU
		{E54A44A5-A9A1-4A79-988D-B16E3F2D68DA}.Release|x64.ActiveCfg = Release|Any CPU
		{E54A44A5-A9A1-4A79-988D-B16E3F2D68DA}.Release|x64.Build.0 = Release|Any CPU
		{E54A44A5-A9A1-4A79-988D-B16E3F2D68DA}.Release|x86.ActiveCfg = Release|Any CPU
		{E54A44A5-A9A1-4A79-988D-B16E3F2D68DA}.Release|x86.Build.0 = Release|Any CPU
		{C8798345-E150-4D2C-8C1E-BE514C765BE4}.Debug|Any CPU.ActiveCfg = Debug|Any CPU
		{C8798345-E150-4D2C-8C1E-BE514C765BE4}.Debug|Any CPU.Build.0 = Debug|Any CPU
		{C8798345-E150-4D2C-8C1E-BE514C765BE4}.Debug|x64.ActiveCfg = Debug|Any CPU
		{C8798345-E150-4D2C-8C1E-BE514C765BE4}.Debug|x64.Build.0 = Debug|Any CPU
		{C8798345-E150-4D2C-8C1E-BE514C765BE4}.Debug|x86.ActiveCfg = Debug|Any CPU
		{C8798345-E150-4D2C-8C1E-BE514C765BE4}.Debug|x86.Build.0 = Debug|Any CPU
		{C8798345-E150-4D2C-8C1E-BE514C765BE4}.Release|Any CPU.ActiveCfg = Release|Any CPU
		{C8798345-E150-4D2C-8C1E-BE514C765BE4}.Release|Any CPU.Build.0 = Release|Any CPU
		{C8798345-E150-4D2C-8C1E-BE514C765BE4}.Release|x64.ActiveCfg = Release|Any CPU
		{C8798345-E150-4D2C-8C1E-BE514C765BE4}.Release|x64.Build.0 = Release|Any CPU
		{C8798345-E150-4D2C-8C1E-BE514C765BE4}.Release|x86.ActiveCfg = Release|Any CPU
		{C8798345-E150-4D2C-8C1E-BE514C765BE4}.Release|x86.Build.0 = Release|Any CPU
		{33914241-13E2-45CC-83BD-472A716E770D}.Debug|Any CPU.ActiveCfg = Debug|Any CPU
		{33914241-13E2-45CC-83BD-472A716E770D}.Debug|Any CPU.Build.0 = Debug|Any CPU
		{33914241-13E2-45CC-83BD-472A716E770D}.Debug|x64.ActiveCfg = Debug|Any CPU
		{33914241-13E2-45CC-83BD-472A716E770D}.Debug|x64.Build.0 = Debug|Any CPU
		{33914241-13E2-45CC-83BD-472A716E770D}.Debug|x86.ActiveCfg = Debug|Any CPU
		{33914241-13E2-45CC-83BD-472A716E770D}.Debug|x86.Build.0 = Debug|Any CPU
		{33914241-13E2-45CC-83BD-472A716E770D}.Release|Any CPU.ActiveCfg = Release|Any CPU
		{33914241-13E2-45CC-83BD-472A716E770D}.Release|Any CPU.Build.0 = Release|Any CPU
		{33914241-13E2-45CC-83BD-472A716E770D}.Release|x64.ActiveCfg = Release|Any CPU
		{33914241-13E2-45CC-83BD-472A716E770D}.Release|x64.Build.0 = Release|Any CPU
		{33914241-13E2-45CC-83BD-472A716E770D}.Release|x86.ActiveCfg = Release|Any CPU
		{33914241-13E2-45CC-83BD-472A716E770D}.Release|x86.Build.0 = Release|Any CPU
		{2B62DC65-922B-45B4-8468-0B85FFD51A25}.Debug|Any CPU.ActiveCfg = Debug|Any CPU
		{2B62DC65-922B-45B4-8468-0B85FFD51A25}.Debug|Any CPU.Build.0 = Debug|Any CPU
		{2B62DC65-922B-45B4-8468-0B85FFD51A25}.Debug|x64.ActiveCfg = Debug|Any CPU
		{2B62DC65-922B-45B4-8468-0B85FFD51A25}.Debug|x64.Build.0 = Debug|Any CPU
		{2B62DC65-922B-45B4-8468-0B85FFD51A25}.Debug|x86.ActiveCfg = Debug|Any CPU
		{2B62DC65-922B-45B4-8468-0B85FFD51A25}.Debug|x86.Build.0 = Debug|Any CPU
		{2B62DC65-922B-45B4-8468-0B85FFD51A25}.Release|Any CPU.ActiveCfg = Release|Any CPU
		{2B62DC65-922B-45B4-8468-0B85FFD51A25}.Release|Any CPU.Build.0 = Release|Any CPU
		{2B62DC65-922B-45B4-8468-0B85FFD51A25}.Release|x64.ActiveCfg = Release|Any CPU
		{2B62DC65-922B-45B4-8468-0B85FFD51A25}.Release|x64.Build.0 = Release|Any CPU
		{2B62DC65-922B-45B4-8468-0B85FFD51A25}.Release|x86.ActiveCfg = Release|Any CPU
		{2B62DC65-922B-45B4-8468-0B85FFD51A25}.Release|x86.Build.0 = Release|Any CPU
		{C60E95DE-8292-4427-BF57-C768D0ADAADE}.Debug|Any CPU.ActiveCfg = Debug|Any CPU
		{C60E95DE-8292-4427-BF57-C768D0ADAADE}.Debug|Any CPU.Build.0 = Debug|Any CPU
		{C60E95DE-8292-4427-BF57-C768D0ADAADE}.Debug|x64.ActiveCfg = Debug|Any CPU
		{C60E95DE-8292-4427-BF57-C768D0ADAADE}.Debug|x64.Build.0 = Debug|Any CPU
		{C60E95DE-8292-4427-BF57-C768D0ADAADE}.Debug|x86.ActiveCfg = Debug|Any CPU
		{C60E95DE-8292-4427-BF57-C768D0ADAADE}.Debug|x86.Build.0 = Debug|Any CPU
		{C60E95DE-8292-4427-BF57-C768D0ADAADE}.Release|Any CPU.ActiveCfg = Release|Any CPU
		{C60E95DE-8292-4427-BF57-C768D0ADAADE}.Release|Any CPU.Build.0 = Release|Any CPU
		{C60E95DE-8292-4427-BF57-C768D0ADAADE}.Release|x64.ActiveCfg = Release|Any CPU
		{C60E95DE-8292-4427-BF57-C768D0ADAADE}.Release|x64.Build.0 = Release|Any CPU
		{C60E95DE-8292-4427-BF57-C768D0ADAADE}.Release|x86.ActiveCfg = Release|Any CPU
		{C60E95DE-8292-4427-BF57-C768D0ADAADE}.Release|x86.Build.0 = Release|Any CPU
		{8FEAF933-84B7-42DF-B2E3-314451049E99}.Debug|Any CPU.ActiveCfg = Debug|Any CPU
		{8FEAF933-84B7-42DF-B2E3-314451049E99}.Debug|Any CPU.Build.0 = Debug|Any CPU
		{8FEAF933-84B7-42DF-B2E3-314451049E99}.Debug|x64.ActiveCfg = Debug|Any CPU
		{8FEAF933-84B7-42DF-B2E3-314451049E99}.Debug|x64.Build.0 = Debug|Any CPU
		{8FEAF933-84B7-42DF-B2E3-314451049E99}.Debug|x86.ActiveCfg = Debug|Any CPU
		{8FEAF933-84B7-42DF-B2E3-314451049E99}.Debug|x86.Build.0 = Debug|Any CPU
		{8FEAF933-84B7-42DF-B2E3-314451049E99}.Release|Any CPU.ActiveCfg = Release|Any CPU
		{8FEAF933-84B7-42DF-B2E3-314451049E99}.Release|Any CPU.Build.0 = Release|Any CPU
		{8FEAF933-84B7-42DF-B2E3-314451049E99}.Release|x64.ActiveCfg = Release|Any CPU
		{8FEAF933-84B7-42DF-B2E3-314451049E99}.Release|x64.Build.0 = Release|Any CPU
		{8FEAF933-84B7-42DF-B2E3-314451049E99}.Release|x86.ActiveCfg = Release|Any CPU
		{8FEAF933-84B7-42DF-B2E3-314451049E99}.Release|x86.Build.0 = Release|Any CPU
		{742453E4-746F-4493-A867-97868C96D27A}.Debug|Any CPU.ActiveCfg = Debug|Any CPU
		{742453E4-746F-4493-A867-97868C96D27A}.Debug|Any CPU.Build.0 = Debug|Any CPU
		{742453E4-746F-4493-A867-97868C96D27A}.Debug|x64.ActiveCfg = Debug|Any CPU
		{742453E4-746F-4493-A867-97868C96D27A}.Debug|x64.Build.0 = Debug|Any CPU
		{742453E4-746F-4493-A867-97868C96D27A}.Debug|x86.ActiveCfg = Debug|Any CPU
		{742453E4-746F-4493-A867-97868C96D27A}.Debug|x86.Build.0 = Debug|Any CPU
		{742453E4-746F-4493-A867-97868C96D27A}.Release|Any CPU.ActiveCfg = Release|Any CPU
		{742453E4-746F-4493-A867-97868C96D27A}.Release|Any CPU.Build.0 = Release|Any CPU
		{742453E4-746F-4493-A867-97868C96D27A}.Release|x64.ActiveCfg = Release|Any CPU
		{742453E4-746F-4493-A867-97868C96D27A}.Release|x64.Build.0 = Release|Any CPU
		{742453E4-746F-4493-A867-97868C96D27A}.Release|x86.ActiveCfg = Release|Any CPU
		{742453E4-746F-4493-A867-97868C96D27A}.Release|x86.Build.0 = Release|Any CPU
		{9C7954BF-181D-4863-A56C-F0AD794F98E6}.Debug|Any CPU.ActiveCfg = Debug|Any CPU
		{9C7954BF-181D-4863-A56C-F0AD794F98E6}.Debug|Any CPU.Build.0 = Debug|Any CPU
		{9C7954BF-181D-4863-A56C-F0AD794F98E6}.Debug|x64.ActiveCfg = Debug|Any CPU
		{9C7954BF-181D-4863-A56C-F0AD794F98E6}.Debug|x64.Build.0 = Debug|Any CPU
		{9C7954BF-181D-4863-A56C-F0AD794F98E6}.Debug|x86.ActiveCfg = Debug|Any CPU
		{9C7954BF-181D-4863-A56C-F0AD794F98E6}.Debug|x86.Build.0 = Debug|Any CPU
		{9C7954BF-181D-4863-A56C-F0AD794F98E6}.Release|Any CPU.ActiveCfg = Release|Any CPU
		{9C7954BF-181D-4863-A56C-F0AD794F98E6}.Release|Any CPU.Build.0 = Release|Any CPU
		{9C7954BF-181D-4863-A56C-F0AD794F98E6}.Release|x64.ActiveCfg = Release|Any CPU
		{9C7954BF-181D-4863-A56C-F0AD794F98E6}.Release|x64.Build.0 = Release|Any CPU
		{9C7954BF-181D-4863-A56C-F0AD794F98E6}.Release|x86.ActiveCfg = Release|Any CPU
		{9C7954BF-181D-4863-A56C-F0AD794F98E6}.Release|x86.Build.0 = Release|Any CPU
		{EB311208-1AF4-42E8-BA38-1BB6C065BE82}.Debug|Any CPU.ActiveCfg = Debug|Any CPU
		{EB311208-1AF4-42E8-BA38-1BB6C065BE82}.Debug|Any CPU.Build.0 = Debug|Any CPU
		{EB311208-1AF4-42E8-BA38-1BB6C065BE82}.Debug|x64.ActiveCfg = Debug|Any CPU
		{EB311208-1AF4-42E8-BA38-1BB6C065BE82}.Debug|x64.Build.0 = Debug|Any CPU
		{EB311208-1AF4-42E8-BA38-1BB6C065BE82}.Debug|x86.ActiveCfg = Debug|Any CPU
		{EB311208-1AF4-42E8-BA38-1BB6C065BE82}.Debug|x86.Build.0 = Debug|Any CPU
		{EB311208-1AF4-42E8-BA38-1BB6C065BE82}.Release|Any CPU.ActiveCfg = Release|Any CPU
		{EB311208-1AF4-42E8-BA38-1BB6C065BE82}.Release|Any CPU.Build.0 = Release|Any CPU
		{EB311208-1AF4-42E8-BA38-1BB6C065BE82}.Release|x64.ActiveCfg = Release|Any CPU
		{EB311208-1AF4-42E8-BA38-1BB6C065BE82}.Release|x64.Build.0 = Release|Any CPU
		{EB311208-1AF4-42E8-BA38-1BB6C065BE82}.Release|x86.ActiveCfg = Release|Any CPU
		{EB311208-1AF4-42E8-BA38-1BB6C065BE82}.Release|x86.Build.0 = Release|Any CPU
	EndGlobalSection
	GlobalSection(SolutionProperties) = preSolution
		HideSolutionNode = FALSE
	EndGlobalSection
	GlobalSection(NestedProjects) = preSolution
		{E54A44A5-A9A1-4A79-988D-B16E3F2D68DA} = {7948A74D-5BDA-4A30-97BF-02971FA18C27}
		{C8798345-E150-4D2C-8C1E-BE514C765BE4} = {C8597422-D0CB-4AC7-84C1-F901E27C7AB5}
		{33914241-13E2-45CC-83BD-472A716E770D} = {C8597422-D0CB-4AC7-84C1-F901E27C7AB5}
		{2B62DC65-922B-45B4-8468-0B85FFD51A25} = {7948A74D-5BDA-4A30-97BF-02971FA18C27}
		{C60E95DE-8292-4427-BF57-C768D0ADAADE} = {C8597422-D0CB-4AC7-84C1-F901E27C7AB5}
		{8FEAF933-84B7-42DF-B2E3-314451049E99} = {640D15B1-8E1B-4132-85F9-65DB047A0FD5}
		{742453E4-746F-4493-A867-97868C96D27A} = {640D15B1-8E1B-4132-85F9-65DB047A0FD5}
		{9C7954BF-181D-4863-A56C-F0AD794F98E6} = {08AE5080-3471-413C-BA36-C6919E11625F}
		{EB311208-1AF4-42E8-BA38-1BB6C065BE82} = {08AE5080-3471-413C-BA36-C6919E11625F}
	EndGlobalSection
	GlobalSection(ExtensibilityGlobals) = postSolution
		SolutionGuid = {085E1481-5110-46A2-9C19-0C6300407B06}
	EndGlobalSection
EndGlobal
